
Microsoft Visual Studio Solution File, Format Version 12.00
# Visual Studio Version 17
VisualStudioVersion = 17.14.36518.9 d17.14
MinimumVisualStudioVersion = 10.0.40219.1
Project("{FAE04EC0-301F-11D3-BF4B-00C04F79EFBC}") = "Blogging-Platform-Backend", "Blogging-Platform-Backend\Blogging-Platform-Backend.csproj", "{D2ED7E7A-D2F7-4C8F-A781-902A0433EC2A}"
EndProject
Global
	GlobalSection(SolutionConfigurationPlatforms) = preSolution
		Debug|Any CPU = Debug|Any CPU
		Release|Any CPU = Release|Any CPU
	EndGlobalSection
	GlobalSection(ProjectConfigurationPlatforms) = postSolution
		{D2ED7E7A-D2F7-4C8F-A781-902A0433EC2A}.Debug|Any CPU.ActiveCfg = Debug|Any CPU
		{D2ED7E7A-D2F7-4C8F-A781-902A0433EC2A}.Debug|Any CPU.Build.0 = Debug|Any CPU
		{D2ED7E7A-D2F7-4C8F-A781-902A0433EC2A}.Release|Any CPU.ActiveCfg = Release|Any CPU
		{D2ED7E7A-D2F7-4C8F-A781-902A0433EC2A}.Release|Any CPU.Build.0 = Release|Any CPU
	EndGlobalSection
	GlobalSection(SolutionProperties) = preSolution
		HideSolutionNode = FALSE
	EndGlobalSection
	GlobalSection(ExtensibilityGlobals) = postSolution
		SolutionGuid = {EBA8FDDE-1A21-4567-A887-E11BB1AB4BBF}
	EndGlobalSection
EndGlobal
